{
  "name": "Ecommerce",
  "lockfileVersion": 2,
  "requires": true,
  "packages": {
    "": {
      "dependencies": {
        "js-cookie": "^3.0.1",
        "vue-cookies": "^1.8.3"
      }
    },
    "node_modules/js-cookie": {
      "version": "3.0.1",
      "resolved": "https://registry.npmjs.org/js-cookie/-/js-cookie-3.0.1.tgz",
      "integrity": "sha512-+0rgsUXZu4ncpPxRL+lNEptWMOWl9etvPHc/koSRp6MPwpRYAhmk0dUG00J4bxVV3r9uUzfo24wW0knS07SKSw==",
      "engines": {
        "node": ">=12"
      }
    },
    "node_modules/vue-cookies": {
      "version": "1.8.3",
      "resolved": "https://registry.npmjs.org/vue-cookies/-/vue-cookies-1.8.3.tgz",
      "integrity": "sha512-VBRsyRMVdahBgFfh389TMHPmDdr4URDJNMk4FKSCfuNITs7+jitBDhwyL4RJd3WUsfOYNNjPAkfbehyH9AFuoA=="
    }
  },
  "dependencies": {
    "js-cookie": {
      "version": "3.0.1",
      "resolved": "https://registry.npmjs.org/js-cookie/-/js-cookie-3.0.1.tgz",
      "integrity": "sha512-+0rgsUXZu4ncpPxRL+lNEptWMOWl9etvPHc/koSRp6MPwpRYAhmk0dUG00J4bxVV3r9uUzfo24wW0knS07SKSw=="
    },
    "vue-cookies": {
      "version": "1.8.3",
      "resolved": "https://registry.npmjs.org/vue-cookies/-/vue-cookies-1.8.3.tgz",
      "integrity": "sha512-VBRsyRMVdahBgFfh389TMHPmDdr4URDJNMk4FKSCfuNITs7+jitBDhwyL4RJd3WUsfOYNNjPAkfbehyH9AFuoA=="
    }
  }
}
